
Microsoft Visual Studio Solution File, Format Version 12.00
# Visual Studio Version 17
VisualStudioVersion = 17.10.35122.118
MinimumVisualStudioVersion = 10.0.40219.1
Project("{FAE04EC0-301F-11D3-BF4B-00C04F79EFBC}") = "Biblioteca", "Biblioteca\Biblioteca.csproj", "{536CFDF3-7910-4A7E-92FC-8F679370038B}"
EndProject
Global
	GlobalSection(SolutionConfigurationPlatforms) = preSolution
		Debug|Any CPU = Debug|Any CPU
		Release|Any CPU = Release|Any CPU
	EndGlobalSection
	GlobalSection(ProjectConfigurationPlatforms) = postSolution
		{536CFDF3-7910-4A7E-92FC-8F679370038B}.Debug|Any CPU.ActiveCfg = Debug|Any CPU
		{536CFDF3-7910-4A7E-92FC-8F679370038B}.Debug|Any CPU.Build.0 = Debug|Any CPU
		{536CFDF3-7910-4A7E-92FC-8F679370038B}.Release|Any CPU.ActiveCfg = Release|Any CPU
		{536CFDF3-7910-4A7E-92FC-8F679370038B}.Release|Any CPU.Build.0 = Release|Any CPU
	EndGlobalSection
	GlobalSection(SolutionProperties) = preSolution
		HideSolutionNode = FALSE
	EndGlobalSection
	GlobalSection(ExtensibilityGlobals) = postSolution
		SolutionGuid = {B79E6BA3-BE82-41C8-8C37-AB5B6AEDFE16}
	EndGlobalSection
EndGlobal
