
Microsoft Visual Studio Solution File, Format Version 12.00
# Visual Studio Version 17
VisualStudioVersion = 17.10.35122.118
MinimumVisualStudioVersion = 10.0.40219.1
Project("{FAE04EC0-301F-11D3-BF4B-00C04F79EFBC}") = "Hotel", "Hotel.csproj", "{E6CACB99-DAE9-4FB2-B73A-ED368BC9B494}"
EndProject
Project("{FAE04EC0-301F-11D3-BF4B-00C04F79EFBC}") = "Hotel.Tests", "..\UnitTest1\Hotel.Tests.csproj", "{8C68AF38-2DA0-44C9-8CE5-A7EF730593BF}"
EndProject
Global
	GlobalSection(SolutionConfigurationPlatforms) = preSolution
		Debug|Any CPU = Debug|Any CPU
		Release|Any CPU = Release|Any CPU
	EndGlobalSection
	GlobalSection(ProjectConfigurationPlatforms) = postSolution
		{E6CACB99-DAE9-4FB2-B73A-ED368BC9B494}.Debug|Any CPU.ActiveCfg = Debug|Any CPU
		{E6CACB99-DAE9-4FB2-B73A-ED368BC9B494}.Debug|Any CPU.Build.0 = Debug|Any CPU
		{E6CACB99-DAE9-4FB2-B73A-ED368BC9B494}.Release|Any CPU.ActiveCfg = Release|Any CPU
		{E6CACB99-DAE9-4FB2-B73A-ED368BC9B494}.Release|Any CPU.Build.0 = Release|Any CPU
		{8C68AF38-2DA0-44C9-8CE5-A7EF730593BF}.Debug|Any CPU.ActiveCfg = Debug|Any CPU
		{8C68AF38-2DA0-44C9-8CE5-A7EF730593BF}.Debug|Any CPU.Build.0 = Debug|Any CPU
		{8C68AF38-2DA0-44C9-8CE5-A7EF730593BF}.Release|Any CPU.ActiveCfg = Release|Any CPU
		{8C68AF38-2DA0-44C9-8CE5-A7EF730593BF}.Release|Any CPU.Build.0 = Release|Any CPU
	EndGlobalSection
	GlobalSection(SolutionProperties) = preSolution
		HideSolutionNode = FALSE
	EndGlobalSection
	GlobalSection(ExtensibilityGlobals) = postSolution
		SolutionGuid = {9AEEB170-4ABE-4E9E-85DB-0D8AEDA78F71}
	EndGlobalSection
EndGlobal
